
Microsoft Visual Studio Solution File, Format Version 12.00
# Visual Studio 14
VisualStudioVersion = 14.0.23107.0
MinimumVisualStudioVersion = 10.0.40219.1
Project("{FAE04EC0-301F-11D3-BF4B-00C04F79EFBC}") = "SumMinMaxAverage", "01.SumMinMaxAverage\SumMinMaxAverage.csproj", "{37F4A5BE-58EB-45BF-9FD6-31A576E85EF7}"
EndProject
Project("{FAE04EC0-301F-11D3-BF4B-00C04F79EFBC}") = "Largest3Numbers", "02.Largest3Numbers\Largest3Numbers.csproj", "{D655E1CE-0056-48F4-848B-9CC76D9E7778}"
EndProject
Project("{FAE04EC0-301F-11D3-BF4B-00C04F79EFBC}") = "ShortWordsSorted", "03.ShortWordsSorted\ShortWordsSorted.csproj", "{0CCDF299-286C-40D6-96F0-13374EDC4F26}"
EndProject
Project("{FAE04EC0-301F-11D3-BF4B-00C04F79EFBC}") = "FoldAndSum", "04.FoldAndSum\FoldAndSum.csproj", "{D3865E8F-A751-43F9-927B-BCA204B1C7A6}"
EndProject
Global
	GlobalSection(SolutionConfigurationPlatforms) = preSolution
		Debug|Any CPU = Debug|Any CPU
		Release|Any CPU = Release|Any CPU
	EndGlobalSection
	GlobalSection(ProjectConfigurationPlatforms) = postSolution
		{37F4A5BE-58EB-45BF-9FD6-31A576E85EF7}.Debug|Any CPU.ActiveCfg = Debug|Any CPU
		{37F4A5BE-58EB-45BF-9FD6-31A576E85EF7}.Debug|Any CPU.Build.0 = Debug|Any CPU
		{37F4A5BE-58EB-45BF-9FD6-31A576E85EF7}.Release|Any CPU.ActiveCfg = Release|Any CPU
		{37F4A5BE-58EB-45BF-9FD6-31A576E85EF7}.Release|Any CPU.Build.0 = Release|Any CPU
		{D655E1CE-0056-48F4-848B-9CC76D9E7778}.Debug|Any CPU.ActiveCfg = Debug|Any CPU
		{D655E1CE-0056-48F4-848B-9CC76D9E7778}.Debug|Any CPU.Build.0 = Debug|Any CPU
		{D655E1CE-0056-48F4-848B-9CC76D9E7778}.Release|Any CPU.ActiveCfg = Release|Any CPU
		{D655E1CE-0056-48F4-848B-9CC76D9E7778}.Release|Any CPU.Build.0 = Release|Any CPU
		{0CCDF299-286C-40D6-96F0-13374EDC4F26}.Debug|Any CPU.ActiveCfg = Debug|Any CPU
		{0CCDF299-286C-40D6-96F0-13374EDC4F26}.Debug|Any CPU.Build.0 = Debug|Any CPU
		{0CCDF299-286C-40D6-96F0-13374EDC4F26}.Release|Any CPU.ActiveCfg = Release|Any CPU
		{0CCDF299-286C-40D6-96F0-13374EDC4F26}.Release|Any CPU.Build.0 = Release|Any CPU
		{D3865E8F-A751-43F9-927B-BCA204B1C7A6}.Debug|Any CPU.ActiveCfg = Debug|Any CPU
		{D3865E8F-A751-43F9-927B-BCA204B1C7A6}.Debug|Any CPU.Build.0 = Debug|Any CPU
		{D3865E8F-A751-43F9-927B-BCA204B1C7A6}.Release|Any CPU.ActiveCfg = Release|Any CPU
		{D3865E8F-A751-43F9-927B-BCA204B1C7A6}.Release|Any CPU.Build.0 = Release|Any CPU
	EndGlobalSection
	GlobalSection(SolutionProperties) = preSolution
		HideSolutionNode = FALSE
	EndGlobalSection
EndGlobal
