
Microsoft Visual Studio Solution File, Format Version 12.00
# Visual Studio 14
VisualStudioVersion = 14.0.23107.0
MinimumVisualStudioVersion = 10.0.40219.1
Project("{FAE04EC0-301F-11D3-BF4B-00C04F79EFBC}") = "TimeSinceBirthday", "01.TimeSinceBirthday\TimeSinceBirthday.csproj", "{8444D16A-5550-4B12-9A4B-5EE2EC86DBB1}"
EndProject
Project("{FAE04EC0-301F-11D3-BF4B-00C04F79EFBC}") = "CirclePerimeter", "02.CirclePerimeter\CirclePerimeter.csproj", "{80890224-57A7-4755-8FB5-8C27E726424D}"
EndProject
Project("{FAE04EC0-301F-11D3-BF4B-00C04F79EFBC}") = "ExactProductOfRealNumbers", "03.ExactProductOfRealNumbers\ExactProductOfRealNumbers.csproj", "{1F6D7C99-8ED2-4747-98CF-DB10B6962DA8}"
EndProject
Project("{FAE04EC0-301F-11D3-BF4B-00C04F79EFBC}") = "Transport", "04.Transport\Transport.csproj", "{DDCA8D70-2748-4CD3-AA97-597438A041EE}"
EndProject
Project("{FAE04EC0-301F-11D3-BF4B-00C04F79EFBC}") = "SpecialNumbers", "05.SpecialNumbers\SpecialNumbers.csproj", "{22977D7D-6912-4846-AFDC-68199D874227}"
EndProject
Project("{FAE04EC0-301F-11D3-BF4B-00C04F79EFBC}") = "TriplesOfLatinLetters", "06.TriplesOfLatinLetters\TriplesOfLatinLetters.csproj", "{FBFE14C3-2536-45E3-A384-2C668CEC3238}"
EndProject
Project("{FAE04EC0-301F-11D3-BF4B-00C04F79EFBC}") = "Greeting", "07.Greeting\Greeting.csproj", "{7A904DBF-3F18-4072-97EC-B030B1ED7669}"
EndProject
Project("{FAE04EC0-301F-11D3-BF4B-00C04F79EFBC}") = "RefactorPyramid", "08.RefactorPyramid\RefactorPyramid.csproj", "{BAE84221-21A8-4FC9-8F80-1CFE1B449257}"
EndProject
Project("{FAE04EC0-301F-11D3-BF4B-00C04F79EFBC}") = "RefactorSpecialNumbers", "09.RefactorSpecialNumbers\RefactorSpecialNumbers.csproj", "{BD436C68-1F0B-48A4-8E28-484D9D48A678}"
EndProject
Global
	GlobalSection(SolutionConfigurationPlatforms) = preSolution
		Debug|Any CPU = Debug|Any CPU
		Release|Any CPU = Release|Any CPU
	EndGlobalSection
	GlobalSection(ProjectConfigurationPlatforms) = postSolution
		{8444D16A-5550-4B12-9A4B-5EE2EC86DBB1}.Debug|Any CPU.ActiveCfg = Debug|Any CPU
		{8444D16A-5550-4B12-9A4B-5EE2EC86DBB1}.Debug|Any CPU.Build.0 = Debug|Any CPU
		{8444D16A-5550-4B12-9A4B-5EE2EC86DBB1}.Release|Any CPU.ActiveCfg = Release|Any CPU
		{8444D16A-5550-4B12-9A4B-5EE2EC86DBB1}.Release|Any CPU.Build.0 = Release|Any CPU
		{80890224-57A7-4755-8FB5-8C27E726424D}.Debug|Any CPU.ActiveCfg = Debug|Any CPU
		{80890224-57A7-4755-8FB5-8C27E726424D}.Debug|Any CPU.Build.0 = Debug|Any CPU
		{80890224-57A7-4755-8FB5-8C27E726424D}.Release|Any CPU.ActiveCfg = Release|Any CPU
		{80890224-57A7-4755-8FB5-8C27E726424D}.Release|Any CPU.Build.0 = Release|Any CPU
		{1F6D7C99-8ED2-4747-98CF-DB10B6962DA8}.Debug|Any CPU.ActiveCfg = Debug|Any CPU
		{1F6D7C99-8ED2-4747-98CF-DB10B6962DA8}.Debug|Any CPU.Build.0 = Debug|Any CPU
		{1F6D7C99-8ED2-4747-98CF-DB10B6962DA8}.Release|Any CPU.ActiveCfg = Release|Any CPU
		{1F6D7C99-8ED2-4747-98CF-DB10B6962DA8}.Release|Any CPU.Build.0 = Release|Any CPU
		{DDCA8D70-2748-4CD3-AA97-597438A041EE}.Debug|Any CPU.ActiveCfg = Debug|Any CPU
		{DDCA8D70-2748-4CD3-AA97-597438A041EE}.Debug|Any CPU.Build.0 = Debug|Any CPU
		{DDCA8D70-2748-4CD3-AA97-597438A041EE}.Release|Any CPU.ActiveCfg = Release|Any CPU
		{DDCA8D70-2748-4CD3-AA97-597438A041EE}.Release|Any CPU.Build.0 = Release|Any CPU
		{22977D7D-6912-4846-AFDC-68199D874227}.Debug|Any CPU.ActiveCfg = Debug|Any CPU
		{22977D7D-6912-4846-AFDC-68199D874227}.Debug|Any CPU.Build.0 = Debug|Any CPU
		{22977D7D-6912-4846-AFDC-68199D874227}.Release|Any CPU.ActiveCfg = Release|Any CPU
		{22977D7D-6912-4846-AFDC-68199D874227}.Release|Any CPU.Build.0 = Release|Any CPU
		{FBFE14C3-2536-45E3-A384-2C668CEC3238}.Debug|Any CPU.ActiveCfg = Debug|Any CPU
		{FBFE14C3-2536-45E3-A384-2C668CEC3238}.Debug|Any CPU.Build.0 = Debug|Any CPU
		{FBFE14C3-2536-45E3-A384-2C668CEC3238}.Release|Any CPU.ActiveCfg = Release|Any CPU
		{FBFE14C3-2536-45E3-A384-2C668CEC3238}.Release|Any CPU.Build.0 = Release|Any CPU
		{7A904DBF-3F18-4072-97EC-B030B1ED7669}.Debug|Any CPU.ActiveCfg = Debug|Any CPU
		{7A904DBF-3F18-4072-97EC-B030B1ED7669}.Debug|Any CPU.Build.0 = Debug|Any CPU
		{7A904DBF-3F18-4072-97EC-B030B1ED7669}.Release|Any CPU.ActiveCfg = Release|Any CPU
		{7A904DBF-3F18-4072-97EC-B030B1ED7669}.Release|Any CPU.Build.0 = Release|Any CPU
		{BAE84221-21A8-4FC9-8F80-1CFE1B449257}.Debug|Any CPU.ActiveCfg = Debug|Any CPU
		{BAE84221-21A8-4FC9-8F80-1CFE1B449257}.Debug|Any CPU.Build.0 = Debug|Any CPU
		{BAE84221-21A8-4FC9-8F80-1CFE1B449257}.Release|Any CPU.ActiveCfg = Release|Any CPU
		{BAE84221-21A8-4FC9-8F80-1CFE1B449257}.Release|Any CPU.Build.0 = Release|Any CPU
		{BD436C68-1F0B-48A4-8E28-484D9D48A678}.Debug|Any CPU.ActiveCfg = Debug|Any CPU
		{BD436C68-1F0B-48A4-8E28-484D9D48A678}.Debug|Any CPU.Build.0 = Debug|Any CPU
		{BD436C68-1F0B-48A4-8E28-484D9D48A678}.Release|Any CPU.ActiveCfg = Release|Any CPU
		{BD436C68-1F0B-48A4-8E28-484D9D48A678}.Release|Any CPU.Build.0 = Release|Any CPU
	EndGlobalSection
	GlobalSection(SolutionProperties) = preSolution
		HideSolutionNode = FALSE
	EndGlobalSection
EndGlobal
